
Microsoft Visual Studio Solution File, Format Version 12.00
# Visual Studio Version 17
VisualStudioVersion = 17.0.32112.339
MinimumVisualStudioVersion = 10.0.40219.1
Project("{FAE04EC0-301F-11D3-BF4B-00C04F79EFBC}") = "eTickets", "eTickets\eTickets.csproj", "{B1981ABA-E825-4670-8F9E-A8DEB2A9C909}"
EndProject
Global
	GlobalSection(SolutionConfigurationPlatforms) = preSolution
		Debug|Any CPU = Debug|Any CPU
		Release|Any CPU = Release|Any CPU
	EndGlobalSection
	GlobalSection(ProjectConfigurationPlatforms) = postSolution
		{B1981ABA-E825-4670-8F9E-A8DEB2A9C909}.Debug|Any CPU.ActiveCfg = Debug|Any CPU
		{B1981ABA-E825-4670-8F9E-A8DEB2A9C909}.Debug|Any CPU.Build.0 = Debug|Any CPU
		{B1981ABA-E825-4670-8F9E-A8DEB2A9C909}.Release|Any CPU.ActiveCfg = Release|Any CPU
		{B1981ABA-E825-4670-8F9E-A8DEB2A9C909}.Release|Any CPU.Build.0 = Release|Any CPU
	EndGlobalSection
	GlobalSection(SolutionProperties) = preSolution
		HideSolutionNode = FALSE
	EndGlobalSection
	GlobalSection(ExtensibilityGlobals) = postSolution
		SolutionGuid = {6C2EB03F-940E-4389-AC3F-3925E1A1268A}
	EndGlobalSection
EndGlobal
